github.com/ross-spencer/spargo v0.4.0 h1:9PkR2Finkv04xmqRJ+kIPlkTq/nafAPt4E1lceCMfZk=
github.com/ross-spencer/spargo v0.4.0/go.mod h1:mQF2NJEnfn++SbEuoIy3KNBPb5MS763DvbudO9xNhBA=
github.com/ross-spencer/spargo v0.4.1 h1:+a570tI+az8j/s0+06mntNqwsJ7DXuq7PESUIXlKie8=
github.com/ross-spencer/spargo v0.4.1/go.mod h1:szEHC5cu+q6g0RD7otV7xvYGb+fQVYj1/SkiVTr4IC4=
