github.com/httpreserve/simplerequest v0.0.0-20170904111322-6f325573aa95/go.mod h1:1gggeoGjBdclzVr/HfTjL6AtLe6ei+2oNjVT++aZacw=
github.com/pkg/errors v0.9.1/go.mod h1:bwawxfHBFNV+L2hUp1rHADufV3IMtnDRdf1r5NINEl0=
github.com/ross-spencer/spargo v0.0.0-20210121220742-65c5af4893a5 h1:F0Y/8f91/A/6TrAEHMvg9Bqzr1OXo3OcBWFGndpiy/s=
github.com/ross-spencer/spargo v0.0.0-20210121220742-65c5af4893a5/go.mod h1:5mytCwysAzmwG9GJTFD7GR8+ZrhStjTOe3krU9Rlm8c=
